
Microsoft Visual Studio Solution File, Format Version 12.00
# Visual Studio Version 17
VisualStudioVersion = 17.14.36623.8 d17.14
MinimumVisualStudioVersion = 10.0.40219.1
Project("{FAE04EC0-301F-11D3-BF4B-00C04F79EFBC}") = "ToDoList", "ToDoList\ToDoList.csproj", "{E45F827D-1E2D-48B7-88FF-B90812292716}"
EndProject
Global
	GlobalSection(SolutionConfigurationPlatforms) = preSolution
		Debug|Any CPU = Debug|Any CPU
		Release|Any CPU = Release|Any CPU
	EndGlobalSection
	GlobalSection(ProjectConfigurationPlatforms) = postSolution
		{E45F827D-1E2D-48B7-88FF-B90812292716}.Debug|Any CPU.ActiveCfg = Debug|Any CPU
		{E45F827D-1E2D-48B7-88FF-B90812292716}.Debug|Any CPU.Build.0 = Debug|Any CPU
		{E45F827D-1E2D-48B7-88FF-B90812292716}.Release|Any CPU.ActiveCfg = Release|Any CPU
		{E45F827D-1E2D-48B7-88FF-B90812292716}.Release|Any CPU.Build.0 = Release|Any CPU
	EndGlobalSection
	GlobalSection(SolutionProperties) = preSolution
		HideSolutionNode = FALSE
	EndGlobalSection
	GlobalSection(ExtensibilityGlobals) = postSolution
		SolutionGuid = {903E3E02-6470-4981-BA2B-55B8D561B662}
	EndGlobalSection
EndGlobal
